<?xml version="1.0" encoding="utf-8"?>
<Project ToolsVersion="4.0" xmlns="http://schemas.microsoft.com/developer/msbuild/2003">
  <ItemGroup>
    <Filter Include="Source Files">
      <UniqueIdentifier>{4FC737F1-C7A5-4376-A066-2A32D752A2FF}</UniqueIdentifier>
      <Extensions>cpp;c;cc;cxx;def;odl;idl;hpj;bat;asm;asmx</Extensions>
    </Filter>
    <Filter Include="Header Files">
      <UniqueIdentifier>{93995380-89BD-4b04-88EB-625FBE52EBFB}</UniqueIdentifier>
      <Extensions>h;hh;hpp;hxx;hm;inl;inc;xsd</Extensions>
    </Filter>
    <Filter Include="Header Files\unarios">
      <UniqueIdentifier>{8c13ce17-109a-4925-83db-390f5ea81bab}</UniqueIdentifier>
    </Filter>
  </ItemGroup>
  <ItemGroup>
    <ClInclude Include="Arbol.h">
      <Filter>Header Files</Filter>
    </ClInclude>
    <ClInclude Include="Elemento.h">
      <Filter>Header Files</Filter>
    </ClInclude>
    <ClInclude Include="Lista.h">
      <Filter>Header Files</Filter>
    </ClInclude>
    <ClInclude Include="Nodo.h">
      <Filter>Header Files</Filter>
    </ClInclude>
    <ClInclude Include="Operacion.h">
      <Filter>Header Files</Filter>
    </ClInclude>
    <ClInclude Include="Operador.h">
      <Filter>Header Files</Filter>
    </ClInclude>
    <ClInclude Include="OperadorBinario.h">
      <Filter>Header Files</Filter>
    </ClInclude>
    <ClInclude Include="OperadorCos.h">
      <Filter>Header Files</Filter>
    </ClInclude>
    <ClInclude Include="OperadorDivision.h">
      <Filter>Header Files</Filter>
    </ClInclude>
    <ClInclude Include="OperadorElevacion.h">
      <Filter>Header Files</Filter>
    </ClInclude>
    <ClInclude Include="OperadorFuncion.h">
      <Filter>Header Files</Filter>
    </ClInclude>
    <ClInclude Include="OperadorLn.h">
      <Filter>Header Files</Filter>
    </ClInclude>
    <ClInclude Include="OperadorMultiplicacion.h">
      <Filter>Header Files</Filter>
    </ClInclude>
    <ClInclude Include="OperadorResta.h">
      <Filter>Header Files</Filter>
    </ClInclude>
    <ClInclude Include="OperadorSen.h">
      <Filter>Header Files</Filter>
    </ClInclude>
    <ClInclude Include="OperadorSuma.h">
      <Filter>Header Files</Filter>
    </ClInclude>
    <ClInclude Include="OperadorTan.h">
      <Filter>Header Files</Filter>
    </ClInclude>
    <ClInclude Include="OperadorTernario.h">
      <Filter>Header Files</Filter>
    </ClInclude>
    <ClInclude Include="OperadorUnario.h">
      <Filter>Header Files</Filter>
    </ClInclude>
    <ClInclude Include="Operando.h">
      <Filter>Header Files</Filter>
    </ClInclude>
    <ClInclude Include="stdafx.h">
      <Filter>Header Files</Filter>
    </ClInclude>
    <ClInclude Include="targetver.h">
      <Filter>Header Files</Filter>
    </ClInclude>
  </ItemGroup>
  <ItemGroup>
    <ClCompile Include="Arbol.cpp">
      <Filter>Source Files</Filter>
    </ClCompile>
    <ClCompile Include="Elemento.cpp">
      <Filter>Source Files</Filter>
    </ClCompile>
    <ClCompile Include="Lista.cpp">
      <Filter>Source Files</Filter>
    </ClCompile>
    <ClCompile Include="Main.cpp">
      <Filter>Source Files</Filter>
    </ClCompile>
    <ClCompile Include="Operacion.cpp">
      <Filter>Source Files</Filter>
    </ClCompile>
    <ClCompile Include="OperadorBinario.cpp">
      <Filter>Source Files</Filter>
    </ClCompile>
    <ClCompile Include="OperadorCos.cpp">
      <Filter>Source Files</Filter>
    </ClCompile>
    <ClCompile Include="OperadorDivision.cpp">
      <Filter>Source Files</Filter>
    </ClCompile>
    <ClCompile Include="OperadorElevacion.cpp">
      <Filter>Source Files</Filter>
    </ClCompile>
    <ClCompile Include="OperadorFuncion.cpp">
      <Filter>Source Files</Filter>
    </ClCompile>
    <ClCompile Include="OperadorLn.cpp">
      <Filter>Source Files</Filter>
    </ClCompile>
    <ClCompile Include="OperadorMultiplicacion.cpp">
      <Filter>Source Files</Filter>
    </ClCompile>
    <ClCompile Include="OperadorResta.cpp">
      <Filter>Source Files</Filter>
    </ClCompile>
    <ClCompile Include="OperadorSen.cpp">
      <Filter>Source Files</Filter>
    </ClCompile>
    <ClCompile Include="OperadorSuma.cpp">
      <Filter>Source Files</Filter>
    </ClCompile>
    <ClCompile Include="OperadorTan.cpp">
      <Filter>Source Files</Filter>
    </ClCompile>
    <ClCompile Include="OperadorTernario.cpp">
      <Filter>Source Files</Filter>
    </ClCompile>
    <ClCompile Include="OperadorUnario.cpp">
      <Filter>Source Files</Filter>
    </ClCompile>
    <ClCompile Include="Operando.cpp">
      <Filter>Source Files</Filter>
    </ClCompile>
    <ClCompile Include="stdafx.cpp">
      <Filter>Source Files</Filter>
    </ClCompile>
  </ItemGroup>
  <ItemGroup>
    <Text Include="operaciones.txt" />
    <Text Include="resultados.txt" />
  </ItemGroup>
  <ItemGroup>
    <None Include="ClassDiagram.cd" />
  </ItemGroup>
</Project>